
Microsoft Visual Studio Solution File, Format Version 12.00
# Visual Studio Version 17
VisualStudioVersion = 17.14.36301.6
MinimumVisualStudioVersion = 10.0.40219.1
Project("{FAE04EC0-301F-11D3-BF4B-00C04F79EFBC}") = "Library.Web", "Library.Web\Library.Web.csproj", "{EA9C8282-23BC-4ECF-8ACD-71EE447414A9}"
EndProject
Project("{FAE04EC0-301F-11D3-BF4B-00C04F79EFBC}") = "Library.Models", "Library.Models\Library.Models.csproj", "{598403CA-C33C-4023-833C-04E24CD79350}"
EndProject
Project("{FAE04EC0-301F-11D3-BF4B-00C04F79EFBC}") = "Library.Repositories", "Library.Repositories\Library.Repositories.csproj", "{7B60AB1D-6483-40F7-8B7F-8DADE9347F1C}"
EndProject
Project("{FAE04EC0-301F-11D3-BF4B-00C04F79EFBC}") = "Library.Services", "Library.Services\Library.Services.csproj", "{B3DD349E-8C7D-475E-A7B7-544818D88D5B}"
EndProject
Project("{FAE04EC0-301F-11D3-BF4B-00C04F79EFBC}") = "Library.Utilities", "Library.Utilities\Library.Utilities.csproj", "{2349CA90-B473-487D-8992-44ECDD9DF030}"
EndProject
Global
	GlobalSection(SolutionConfigurationPlatforms) = preSolution
		Debug|Any CPU = Debug|Any CPU
		Release|Any CPU = Release|Any CPU
	EndGlobalSection
	GlobalSection(ProjectConfigurationPlatforms) = postSolution
		{EA9C8282-23BC-4ECF-8ACD-71EE447414A9}.Debug|Any CPU.ActiveCfg = Debug|Any CPU
		{EA9C8282-23BC-4ECF-8ACD-71EE447414A9}.Debug|Any CPU.Build.0 = Debug|Any CPU
		{EA9C8282-23BC-4ECF-8ACD-71EE447414A9}.Release|Any CPU.ActiveCfg = Release|Any CPU
		{EA9C8282-23BC-4ECF-8ACD-71EE447414A9}.Release|Any CPU.Build.0 = Release|Any CPU
		{598403CA-C33C-4023-833C-04E24CD79350}.Debug|Any CPU.ActiveCfg = Debug|Any CPU
		{598403CA-C33C-4023-833C-04E24CD79350}.Debug|Any CPU.Build.0 = Debug|Any CPU
		{598403CA-C33C-4023-833C-04E24CD79350}.Release|Any CPU.ActiveCfg = Release|Any CPU
		{598403CA-C33C-4023-833C-04E24CD79350}.Release|Any CPU.Build.0 = Release|Any CPU
		{7B60AB1D-6483-40F7-8B7F-8DADE9347F1C}.Debug|Any CPU.ActiveCfg = Debug|Any CPU
		{7B60AB1D-6483-40F7-8B7F-8DADE9347F1C}.Debug|Any CPU.Build.0 = Debug|Any CPU
		{7B60AB1D-6483-40F7-8B7F-8DADE9347F1C}.Release|Any CPU.ActiveCfg = Release|Any CPU
		{7B60AB1D-6483-40F7-8B7F-8DADE9347F1C}.Release|Any CPU.Build.0 = Release|Any CPU
		{B3DD349E-8C7D-475E-A7B7-544818D88D5B}.Debug|Any CPU.ActiveCfg = Debug|Any CPU
		{B3DD349E-8C7D-475E-A7B7-544818D88D5B}.Debug|Any CPU.Build.0 = Debug|Any CPU
		{B3DD349E-8C7D-475E-A7B7-544818D88D5B}.Release|Any CPU.ActiveCfg = Release|Any CPU
		{B3DD349E-8C7D-475E-A7B7-544818D88D5B}.Release|Any CPU.Build.0 = Release|Any CPU
		{2349CA90-B473-487D-8992-44ECDD9DF030}.Debug|Any CPU.ActiveCfg = Debug|Any CPU
		{2349CA90-B473-487D-8992-44ECDD9DF030}.Debug|Any CPU.Build.0 = Debug|Any CPU
		{2349CA90-B473-487D-8992-44ECDD9DF030}.Release|Any CPU.ActiveCfg = Release|Any CPU
		{2349CA90-B473-487D-8992-44ECDD9DF030}.Release|Any CPU.Build.0 = Release|Any CPU
	EndGlobalSection
	GlobalSection(SolutionProperties) = preSolution
		HideSolutionNode = FALSE
	EndGlobalSection
	GlobalSection(ExtensibilityGlobals) = postSolution
		SolutionGuid = {F1DFCED8-1D4B-4A7B-AD03-11F6502516E9}
	EndGlobalSection
EndGlobal
